
Microsoft Visual Studio Solution File, Format Version 12.00
# Visual Studio Version 16
VisualStudioVersion = 16.0.29609.76
MinimumVisualStudioVersion = 10.0.40219.1
Project("{FAE04EC0-301F-11D3-BF4B-00C04F79EFBC}") = "prjLayoutPage", "prjLayoutPage\prjLayoutPage.csproj", "{3CBD4ACB-3E4C-4B20-A790-FCBF1C1E77CB}"
EndProject
Global
	GlobalSection(SolutionConfigurationPlatforms) = preSolution
		Debug|Any CPU = Debug|Any CPU
		Release|Any CPU = Release|Any CPU
	EndGlobalSection
	GlobalSection(ProjectConfigurationPlatforms) = postSolution
		{3CBD4ACB-3E4C-4B20-A790-FCBF1C1E77CB}.Debug|Any CPU.ActiveCfg = Debug|Any CPU
		{3CBD4ACB-3E4C-4B20-A790-FCBF1C1E77CB}.Debug|Any CPU.Build.0 = Debug|Any CPU
		{3CBD4ACB-3E4C-4B20-A790-FCBF1C1E77CB}.Release|Any CPU.ActiveCfg = Release|Any CPU
		{3CBD4ACB-3E4C-4B20-A790-FCBF1C1E77CB}.Release|Any CPU.Build.0 = Release|Any CPU
	EndGlobalSection
	GlobalSection(SolutionProperties) = preSolution
		HideSolutionNode = FALSE
	EndGlobalSection
	GlobalSection(ExtensibilityGlobals) = postSolution
		SolutionGuid = {D9B10B61-6296-444D-A0F8-B7A341F209F6}
	EndGlobalSection
EndGlobal
